lockfileVersion: '9.0'

settings:
  autoInstallPeers: true
  excludeLinksFromLockfile: false

importers:

  .:
    dependencies:
      '@aptos-labs/ts-sdk':
        specifier: ^7.0.1
        version: 7.0.1
      '@wallet-standard/core':
        specifier: ^1.0.3
        version: 1.1.1
    devDependencies:
      '@biomejs/biome':
        specifier: 2.4.6
        version: 2.4.6
      typescript:
        specifier: ^6.0.2
        version: 6.0.2

  example/basic:
    dependencies:
      '@aptos-labs/ts-sdk':
        specifier: ^7.0.0
        version: 7.0.0
      '@aptos-labs/wallet-standard':
        specifier: workspace:*
        version: link:../..
      '@wallet-standard/core':
        specifier: ^1.0.3
        version: 1.1.1

packages:

  '@aptos-labs/aptos-cli@3.0.0':
    resolution: {integrity: sha512-fw9Ph6pe9l/RW6LMqjpxrHiWo2T/gtYWZsRxgl4PqVroavGF13YEQWlUnjJfWgVi1wQHpQcoJ1eYbYsPFu2sVg==}
    engines: {node: '>=22'}
    cpu: [x64, arm64]
    os: [darwin, linux, win32]
    hasBin: true

  '@aptos-labs/aptos-client@4.0.0':
    resolution: {integrity: sha512-hj2X9S932oq+bgXka+mZrBnPzYORutXugdRBsGBIGAOkhwunaroDeQVq6z2WqvwxDnBsxXxcWcchIWJmJnokww==}
    engines: {node: '>=22.0.0'}

  '@aptos-labs/ts-sdk@7.0.0':
    resolution: {integrity: sha512-/gtKRewQScJ5RMvfPNd64poZdI0CF3qqkj48oEDNG07gb0i3mGadarCmu899KqeA47+nYFH7Lttkq+0PIMYGcQ==}
    engines: {node: '>=22.0.0'}

  '@aptos-labs/ts-sdk@7.0.1':
    resolution: {integrity: sha512-kKO43zDsUaLzrNAqVV5eC4OG9ZDtCwaKwmX5S9iN0T4bF/HY1TU/zPoEJvfZGv8ztPeBixC7iVXqU4jNHZ3QFA==}
    engines: {node: '>=22.0.0'}

  '@biomejs/biome@2.4.6':
    resolution: {integrity: sha512-QnHe81PMslpy3mnpL8DnO2M4S4ZnYPkjlGCLWBZT/3R9M6b5daArWMMtEfP52/n174RKnwRIf3oT8+wc9ihSfQ==}
    engines: {node: '>=14.21.3'}
    hasBin: true

  '@biomejs/cli-darwin-arm64@2.4.6':
    resolution: {integrity: sha512-NW18GSyxr+8sJIqgoGwVp5Zqm4SALH4b4gftIA0n62PTuBs6G2tHlwNAOj0Vq0KKSs7Sf88VjjmHh0O36EnzrQ==}
    engines: {node: '>=14.21.3'}
    cpu: [arm64]
    os: [darwin]

  '@biomejs/cli-darwin-x64@2.4.6':
    resolution: {integrity: sha512-4uiE/9tuI7cnjtY9b07RgS7gGyYOAfIAGeVJWEfeCnAarOAS7qVmuRyX6d7JTKw28/mt+rUzMasYeZ+0R/U1Mw==}
    engines: {node: '>=14.21.3'}
    cpu: [x64]
    os: [darwin]

  '@biomejs/cli-linux-arm64-musl@2.4.6':
    resolution: {integrity: sha512-F/JdB7eN22txiTqHM5KhIVt0jVkzZwVYrdTR1O3Y4auBOQcXxHK4dxULf4z43QyZI5tsnQJrRBHZy7wwtL+B3A==}
    engines: {node: '>=14.21.3'}
    cpu: [arm64]
    os: [linux]
    libc: [musl]

  '@biomejs/cli-linux-arm64@2.4.6':
    resolution: {integrity: sha512-kMLaI7OF5GN1Q8Doymjro1P8rVEoy7BKQALNz6fiR8IC1WKduoNyteBtJlHT7ASIL0Cx2jR6VUOBIbcB1B8pew==}
    engines: {node: '>=14.21.3'}
    cpu: [arm64]
    os: [linux]
    libc: [glibc]

  '@biomejs/cli-linux-x64-musl@2.4.6':
    resolution: {integrity: sha512-C9s98IPDu7DYarjlZNuzJKTjVHN03RUnmHV5htvqsx6vEUXCDSJ59DNwjKVD5XYoSS4N+BYhq3RTBAL8X6svEg==}
    engines: {node: '>=14.21.3'}
    cpu: [x64]
    os: [linux]
    libc: [musl]

  '@biomejs/cli-linux-x64@2.4.6':
    resolution: {integrity: sha512-oHXmUFEoH8Lql1xfc3QkFLiC1hGR7qedv5eKNlC185or+o4/4HiaU7vYODAH3peRCfsuLr1g6v2fK9dFFOYdyw==}
    engines: {node: '>=14.21.3'}
    cpu: [x64]
    os: [linux]
    libc: [glibc]

  '@biomejs/cli-win32-arm64@2.4.6':
    resolution: {integrity: sha512-xzThn87Pf3YrOGTEODFGONmqXpTwUNxovQb72iaUOdcw8sBSY3+3WD8Hm9IhMYLnPi0n32s3L3NWU6+eSjfqFg==}
    engines: {node: '>=14.21.3'}
    cpu: [arm64]
    os: [win32]

  '@biomejs/cli-win32-x64@2.4.6':
    resolution: {integrity: sha512-7++XhnsPlr1HDbor5amovPjOH6vsrFOCdp93iKXhFn6bcMUI6soodj3WWKfgEO6JosKU1W5n3uky3WW9RlRjTg==}
    engines: {node: '>=14.21.3'}
    cpu: [x64]
    os: [win32]

  '@noble/ciphers@2.2.0':
    resolution: {integrity: sha512-Z6pjIZ/8IJcCGzb2S/0Px5J81yij85xASuk1teLNeg75bfT07MV3a/O2Mtn1I2se43k3lkVEcFaR10N4cgQcZA==}
    engines: {node: '>= 20.19.0'}

  '@noble/curves@2.2.0':
    resolution: {integrity: sha512-T/BoHgFXirb0ENSPBquzX0rcjXeM6Lo892a2jlYJkqk83LqZx0l1Of7DzlKJ6jkpvMrkHSnAcgb5JegL8SeIkQ==}
    engines: {node: '>= 20.19.0'}

  '@noble/hashes@2.2.0':
    resolution: {integrity: sha512-IYqDGiTXab6FniAgnSdZwgWbomxpy9FtYvLKs7wCUs2a8RkITG+DFGO1DM9cr+E3/RgADRpFjrKVaJ1z6sjtEg==}
    engines: {node: '>= 20.19.0'}

  '@scure/base@2.2.0':
    resolution: {integrity: sha512-b8XEupJibegiXV+tDUseI8oLQc8ei3d/4Jkb2RpbHh3MfE054ov3uIz2dhFkB3FI8iwYkEh0gGCApkrYggkPNg==}

  '@scure/bip32@2.2.0':
    resolution: {integrity: sha512-zFr7t2F+a9+5tB7QbarF2HQNYrgjCNaoLAupZdKkrFMYMozJf5zqH2WJCQibMzm1qQ0QogrxVGO3qXfQDYMaQg==}

  '@scure/bip39@2.2.0':
    resolution: {integrity: sha512-T/Bj/YvYMNkIPq6EENO6/rcs2e7qTNuyoUXf0KBFDmp0ZDu0H2X4Lq6yC3i0c8PcWkov5EbW+yQZZbdMmk154A==}

  '@wallet-standard/app@1.1.0':
    resolution: {integrity: sha512-3CijvrO9utx598kjr45hTbbeeykQrQfKmSnxeWOgU25TOEpvcipD/bYDQWIqUv1Oc6KK4YStokSMu/FBNecGUQ==}
    engines: {node: '>=16'}

  '@wallet-standard/base@1.1.0':
    resolution: {integrity: sha512-DJDQhjKmSNVLKWItoKThJS+CsJQjR9AOBOirBVT1F9YpRyC9oYHE+ZnSf8y8bxUphtKqdQMPVQ2mHohYdRvDVQ==}
    engines: {node: '>=16'}

  '@wallet-standard/core@1.1.1':
    resolution: {integrity: sha512-5Xmjc6+Oe0hcPfVc5n8F77NVLwx1JVAoCVgQpLyv/43/bhtIif+Gx3WUrDlaSDoM8i2kA2xd6YoFbHCxs+e0zA==}
    engines: {node: '>=16'}

  '@wallet-standard/errors@0.1.1':
    resolution: {integrity: sha512-V8Ju1Wvol8i/VDyQOHhjhxmMVwmKiwyxUZBnHhtiPZJTWY0U/Shb2iEWyGngYEbAkp2sGTmEeNX1tVyGR7PqNw==}
    engines: {node: '>=16'}
    hasBin: true

  '@wallet-standard/features@1.1.0':
    resolution: {integrity: sha512-hiEivWNztx73s+7iLxsuD1sOJ28xtRix58W7Xnz4XzzA/pF0+aicnWgjOdA10doVDEDZdUuZCIIqG96SFNlDUg==}
    engines: {node: '>=16'}

  '@wallet-standard/wallet@1.1.0':
    resolution: {integrity: sha512-Gt8TnSlDZpAl+RWOOAB/kuvC7RpcdWAlFbHNoi4gsXsfaWa1QCT6LBcfIYTPdOZC9OVZUDwqGuGAcqZejDmHjg==}
    engines: {node: '>=16'}

  chalk@5.6.2:
    resolution: {integrity: sha512-7NzBL0rN6fMUW+f7A6Io4h40qQlG+xGmtMxfbnH/K7TAtt8JQWVQK+6g0UXKMeVJoyV5EkkNsErQ8pVD3bLHbA==}
    engines: {node: ^12.17.0 || ^14.13 || >=16.0.0}

  commander@13.1.0:
    resolution: {integrity: sha512-/rFeCpNJQbhSZjGVwO9RFV3xPqbnERS8MmIQzCtD/zl6gpJuV/bMLuN92oG3F7d8oDEHHRrujSXNUr8fpjntKw==}
    engines: {node: '>=18'}

  commander@14.0.3:
    resolution: {integrity: sha512-H+y0Jo/T1RZ9qPP4Eh1pkcQcLRglraJaSLoyOtHxu6AapkjWVCy2Sit1QQ4x3Dng8qDlSsZEet7g5Pq06MvTgw==}
    engines: {node: '>=20'}

  eventemitter3@5.0.4:
    resolution: {integrity: sha512-mlsTRyGaPBjPedk6Bvw+aqbsXDtoAyAzm5MO7JgU+yVRyMQ5O8bD4Kcci7BS85f93veegeCPkL8R4GLClnjLFw==}

  jwt-decode@4.0.0:
    resolution: {integrity: sha512-+KJGIyHgkGuIq3IEBNftfhW/LfWhXUIY6OmyVWjliu5KH1y0fw7VQ8YndE2O4qZdMSd9SqbnC8GOcZEy0Om7sA==}
    engines: {node: '>=18'}

  poseidon-lite@0.3.0:
    resolution: {integrity: sha512-ilJj4MIve4uBEG7SrtPqUUNkvpJ/pLVbndxa0WvebcQqeIhe+h72JR4g0EvwchUzm9sOQDlOjiDNmRAgxNZl4A==}

  typescript@6.0.2:
    resolution: {integrity: sha512-bGdAIrZ0wiGDo5l8c++HWtbaNCWTS4UTv7RaTH/ThVIgjkveJt83m74bBHMJkuCbslY8ixgLBVZJIOiQlQTjfQ==}
    engines: {node: '>=14.17'}
    hasBin: true

  undici@7.25.0:
    resolution: {integrity: sha512-xXnp4kTyor2Zq+J1FfPI6Eq3ew5h6Vl0F/8d9XU5zZQf1tX9s2Su1/3PiMmUANFULpmksxkClamIZcaUqryHsQ==}
    engines: {node: '>=20.18.1'}

snapshots:

  '@aptos-labs/aptos-cli@3.0.0':
    dependencies:
      commander: 14.0.3

  '@aptos-labs/aptos-client@4.0.0':
    dependencies:
      undici: 7.25.0

  '@aptos-labs/ts-sdk@7.0.0':
    dependencies:
      '@aptos-labs/aptos-cli': 3.0.0
      '@aptos-labs/aptos-client': 4.0.0
      '@noble/ciphers': 2.2.0
      '@noble/curves': 2.2.0
      '@noble/hashes': 2.2.0
      '@scure/bip32': 2.2.0
      '@scure/bip39': 2.2.0
      eventemitter3: 5.0.4
      jwt-decode: 4.0.0
      poseidon-lite: 0.3.0

  '@aptos-labs/ts-sdk@7.0.1':
    dependencies:
      '@aptos-labs/aptos-cli': 3.0.0
      '@aptos-labs/aptos-client': 4.0.0
      '@noble/ciphers': 2.2.0
      '@noble/curves': 2.2.0
      '@noble/hashes': 2.2.0
      '@scure/bip32': 2.2.0
      '@scure/bip39': 2.2.0
      eventemitter3: 5.0.4
      jwt-decode: 4.0.0
      poseidon-lite: 0.3.0

  '@biomejs/biome@2.4.6':
    optionalDependencies:
      '@biomejs/cli-darwin-arm64': 2.4.6
      '@biomejs/cli-darwin-x64': 2.4.6
      '@biomejs/cli-linux-arm64': 2.4.6
      '@biomejs/cli-linux-arm64-musl': 2.4.6
      '@biomejs/cli-linux-x64': 2.4.6
      '@biomejs/cli-linux-x64-musl': 2.4.6
      '@biomejs/cli-win32-arm64': 2.4.6
      '@biomejs/cli-win32-x64': 2.4.6

  '@biomejs/cli-darwin-arm64@2.4.6':
    optional: true

  '@biomejs/cli-darwin-x64@2.4.6':
    optional: true

  '@biomejs/cli-linux-arm64-musl@2.4.6':
    optional: true

  '@biomejs/cli-linux-arm64@2.4.6':
    optional: true

  '@biomejs/cli-linux-x64-musl@2.4.6':
    optional: true

  '@biomejs/cli-linux-x64@2.4.6':
    optional: true

  '@biomejs/cli-win32-arm64@2.4.6':
    optional: true

  '@biomejs/cli-win32-x64@2.4.6':
    optional: true

  '@noble/ciphers@2.2.0': {}

  '@noble/curves@2.2.0':
    dependencies:
      '@noble/hashes': 2.2.0

  '@noble/hashes@2.2.0': {}

  '@scure/base@2.2.0': {}

  '@scure/bip32@2.2.0':
    dependencies:
      '@noble/curves': 2.2.0
      '@noble/hashes': 2.2.0
      '@scure/base': 2.2.0

  '@scure/bip39@2.2.0':
    dependencies:
      '@noble/hashes': 2.2.0
      '@scure/base': 2.2.0

  '@wallet-standard/app@1.1.0':
    dependencies:
      '@wallet-standard/base': 1.1.0

  '@wallet-standard/base@1.1.0': {}

  '@wallet-standard/core@1.1.1':
    dependencies:
      '@wallet-standard/app': 1.1.0
      '@wallet-standard/base': 1.1.0
      '@wallet-standard/errors': 0.1.1
      '@wallet-standard/features': 1.1.0
      '@wallet-standard/wallet': 1.1.0

  '@wallet-standard/errors@0.1.1':
    dependencies:
      chalk: 5.6.2
      commander: 13.1.0

  '@wallet-standard/features@1.1.0':
    dependencies:
      '@wallet-standard/base': 1.1.0

  '@wallet-standard/wallet@1.1.0':
    dependencies:
      '@wallet-standard/base': 1.1.0

  chalk@5.6.2: {}

  commander@13.1.0: {}

  commander@14.0.3: {}

  eventemitter3@5.0.4: {}

  jwt-decode@4.0.0: {}

  poseidon-lite@0.3.0: {}

  typescript@6.0.2: {}

  undici@7.25.0: {}
